
Microsoft Visual Studio Solution File, Format Version 12.00
# Visual Studio Version 17
VisualStudioVersion = 17.11.35327.3
MinimumVisualStudioVersion = 10.0.40219.1
Project("{FAE04EC0-301F-11D3-BF4B-00C04F79EFBC}") = "PakThreads", "PakThreads\PakThreads.csproj", "{E54BDF07-622C-4CB9-90CA-23D0DBDA3B4F}"
EndProject
Project("{FAE04EC0-301F-11D3-BF4B-00C04F79EFBC}") = "Domain", "Domain\Domain.csproj", "{51A6E06C-4B6B-4A85-AA3B-978F06047F5C}"
EndProject
Project("{FAE04EC0-301F-11D3-BF4B-00C04F79EFBC}") = "Infrastructure", "Infrastructure\Infrastructure.csproj", "{0CD7C22F-C8A7-4EF7-91EF-5B84FC1636CD}"
EndProject
Project("{FAE04EC0-301F-11D3-BF4B-00C04F79EFBC}") = "Application", "Application\Application.csproj", "{18CF9997-EB37-41F9-802A-EBDE5412F88B}"
EndProject
Project("{FAE04EC0-301F-11D3-BF4B-00C04F79EFBC}") = "CommonOperations", "CommonOperations\CommonOperations.csproj", "{7AC0B8E7-05A1-4A75-835A-E9166E95E886}"
EndProject
Global
	GlobalSection(SolutionConfigurationPlatforms) = preSolution
		Debug|Any CPU = Debug|Any CPU
		Release|Any CPU = Release|Any CPU
	EndGlobalSection
	GlobalSection(ProjectConfigurationPlatforms) = postSolution
		{E54BDF07-622C-4CB9-90CA-23D0DBDA3B4F}.Debug|Any CPU.ActiveCfg = Debug|Any CPU
		{E54BDF07-622C-4CB9-90CA-23D0DBDA3B4F}.Debug|Any CPU.Build.0 = Debug|Any CPU
		{E54BDF07-622C-4CB9-90CA-23D0DBDA3B4F}.Release|Any CPU.ActiveCfg = Release|Any CPU
		{E54BDF07-622C-4CB9-90CA-23D0DBDA3B4F}.Release|Any CPU.Build.0 = Release|Any CPU
		{51A6E06C-4B6B-4A85-AA3B-978F06047F5C}.Debug|Any CPU.ActiveCfg = Debug|Any CPU
		{51A6E06C-4B6B-4A85-AA3B-978F06047F5C}.Debug|Any CPU.Build.0 = Debug|Any CPU
		{51A6E06C-4B6B-4A85-AA3B-978F06047F5C}.Release|Any CPU.ActiveCfg = Release|Any CPU
		{51A6E06C-4B6B-4A85-AA3B-978F06047F5C}.Release|Any CPU.Build.0 = Release|Any CPU
		{0CD7C22F-C8A7-4EF7-91EF-5B84FC1636CD}.Debug|Any CPU.ActiveCfg = Debug|Any CPU
		{0CD7C22F-C8A7-4EF7-91EF-5B84FC1636CD}.Debug|Any CPU.Build.0 = Debug|Any CPU
		{0CD7C22F-C8A7-4EF7-91EF-5B84FC1636CD}.Release|Any CPU.ActiveCfg = Release|Any CPU
		{0CD7C22F-C8A7-4EF7-91EF-5B84FC1636CD}.Release|Any CPU.Build.0 = Release|Any CPU
		{18CF9997-EB37-41F9-802A-EBDE5412F88B}.Debug|Any CPU.ActiveCfg = Debug|Any CPU
		{18CF9997-EB37-41F9-802A-EBDE5412F88B}.Debug|Any CPU.Build.0 = Debug|Any CPU
		{18CF9997-EB37-41F9-802A-EBDE5412F88B}.Release|Any CPU.ActiveCfg = Release|Any CPU
		{18CF9997-EB37-41F9-802A-EBDE5412F88B}.Release|Any CPU.Build.0 = Release|Any CPU
		{7AC0B8E7-05A1-4A75-835A-E9166E95E886}.Debug|Any CPU.ActiveCfg = Debug|Any CPU
		{7AC0B8E7-05A1-4A75-835A-E9166E95E886}.Debug|Any CPU.Build.0 = Debug|Any CPU
		{7AC0B8E7-05A1-4A75-835A-E9166E95E886}.Release|Any CPU.ActiveCfg = Release|Any CPU
		{7AC0B8E7-05A1-4A75-835A-E9166E95E886}.Release|Any CPU.Build.0 = Release|Any CPU
	EndGlobalSection
	GlobalSection(SolutionProperties) = preSolution
		HideSolutionNode = FALSE
	EndGlobalSection
	GlobalSection(ExtensibilityGlobals) = postSolution
		SolutionGuid = {18A01104-E05E-49F5-A1DF-039A5228C18E}
	EndGlobalSection
EndGlobal
